{
  "nodes": {
    "actions-nvim": {
      "flake": false,
      "locked": {
        "lastModified": 1762382446,
        "narHash": "sha256-PHQCk+RsAP5slX2QSndo8bkuhpCw3iBVcp8PZkZy5GY=",
        "owner": "yaanae",
        "repo": "actions.nvim",
        "rev": "5ff3e0f9096ac76b073d7e2fab2dc3bf02182d7f",
        "type": "github"
      },
      "original": {
        "owner": "yaanae",
        "repo": "actions.nvim",
        "type": "github"
      }
    },
    "flake-parts": {
      "inputs": {
        "nixpkgs-lib": "nixpkgs-lib"
      },
      "locked": {
        "lastModified": 1769996383,
        "narHash": "sha256-AnYjnFWgS49RlqX7LrC4uA+sCCDBj0Ry/WOJ5XWAsa0=",
        "owner": "hercules-ci",
        "repo": "flake-parts",
        "rev": "57928607ea566b5db3ad13af0e57e921e6b12381",
        "type": "github"
      },
      "original": {
        "owner": "hercules-ci",
        "repo": "flake-parts",
        "type": "github"
      }
    },
    "flake-parts_2": {
      "inputs": {
        "nixpkgs-lib": [
          "nixvim",
          "nixpkgs"
        ]
      },
      "locked": {
        "lastModified": 1769996383,
        "narHash": "sha256-AnYjnFWgS49RlqX7LrC4uA+sCCDBj0Ry/WOJ5XWAsa0=",
        "owner": "hercules-ci",
        "repo": "flake-parts",
        "rev": "57928607ea566b5db3ad13af0e57e921e6b12381",
        "type": "github"
      },
      "original": {
        "owner": "hercules-ci",
        "repo": "flake-parts",
        "type": "github"
      }
    },
    "mdx07-binaries": {
      "flake": false,
      "locked": {
        "lastModified": 1772215792,
        "narHash": "sha256-9xq9mYGUZer4oVSs4MkCXTbbsijql1w5BBiMFXG0Va0=",
        "ref": "refs/heads/main",
        "rev": "8881bd0e9012917310d912fcc878c533fd16bbba",
        "revCount": 20,
        "type": "git",
        "url": "https://git.chalmers.se/erik.sintorn/mdx07-binaries.git"
      },
      "original": {
        "type": "git",
        "url": "https://git.chalmers.se/erik.sintorn/mdx07-binaries.git"
      }
    },
    "mdx07-templates": {
      "flake": false,
      "locked": {
        "lastModified": 1772108968,
        "narHash": "sha256-0cO6vKg8e9iGW09rnswIuSRFxQGr1UakqYTJCHns04o=",
        "ref": "refs/heads/main",
        "rev": "2791cd428db11e457b752ab470a3a2bbf55e60d8",
        "revCount": 103,
        "type": "git",
        "url": "https://git.chalmers.se/haelias/mdx07-templates-library.git"
      },
      "original": {
        "type": "git",
        "url": "https://git.chalmers.se/haelias/mdx07-templates-library.git"
      }
    },
    "nixpkgs": {
      "locked": {
        "lastModified": 1772173633,
        "narHash": "sha256-MOH58F4AIbCkh6qlQcwMycyk5SWvsqnS/TCfnqDlpj4=",
        "owner": "NixOS",
        "repo": "nixpkgs",
        "rev": "c0f3d81a7ddbc2b1332be0d8481a672b4f6004d6",
        "type": "github"
      },
      "original": {
        "owner": "NixOS",
        "ref": "nixpkgs-unstable",
        "repo": "nixpkgs",
        "type": "github"
      }
    },
    "nixpkgs-lib": {
      "locked": {
        "lastModified": 1769909678,
        "narHash": "sha256-cBEymOf4/o3FD5AZnzC3J9hLbiZ+QDT/KDuyHXVJOpM=",
        "owner": "nix-community",
        "repo": "nixpkgs.lib",
        "rev": "72716169fe93074c333e8d0173151350670b824c",
        "type": "github"
      },
      "original": {
        "owner": "nix-community",
        "repo": "nixpkgs.lib",
        "type": "github"
      }
    },
    "nixvim": {
      "inputs": {
        "flake-parts": "flake-parts_2",
        "nixpkgs": [
          "nixpkgs"
        ],
        "systems": "systems"
      },
      "locked": {
        "lastModified": 1771135771,
        "narHash": "sha256-wyvBIhDuyCRyjB3yPg77qoyxrlgQtBR1rVW3c9knV3E=",
        "owner": "nix-community",
        "repo": "nixvim",
        "rev": "ed0424f0b08d303a7348f52f7850ad1b2704f9ba",
        "type": "github"
      },
      "original": {
        "owner": "nix-community",
        "repo": "nixvim",
        "type": "github"
      }
    },
    "riscv-gcc": {
      "flake": false,
      "locked": {
        "lastModified": 1765449101,
        "narHash": "sha256-l+JjwoPA8ZzOPpzfq5MhWFmr+iqdFJz2lUXLxFnFo8I=",
        "type": "tarball",
        "url": "https://www.cse.chalmers.se/edu/resources/software/riscv32-gcc/riscv-gcc-ubuntu-22.04-x64.tar.gz"
      },
      "original": {
        "type": "tarball",
        "url": "https://www.cse.chalmers.se/edu/resources/software/riscv32-gcc/riscv-gcc-ubuntu-22.04-x64.tar.gz"
      }
    },
    "root": {
      "inputs": {
        "actions-nvim": "actions-nvim",
        "flake-parts": "flake-parts",
        "mdx07-binaries": "mdx07-binaries",
        "mdx07-templates": "mdx07-templates",
        "nixpkgs": "nixpkgs",
        "nixvim": "nixvim",
        "riscv-gcc": "riscv-gcc"
      }
    },
    "systems": {
      "locked": {
        "lastModified": 1681028828,
        "narHash": "sha256-Vy1rq5AaRuLzOxct8nz4T6wlgyUR7zLU309k9mBC768=",
        "owner": "nix-systems",
        "repo": "default",
        "rev": "da67096a3b9bf56a91d16901293e51ba5b49a27e",
        "type": "github"
      },
      "original": {
        "owner": "nix-systems",
        "repo": "default",
        "type": "github"
      }
    }
  },
  "root": "root",
  "version": 7
}
