{
  "nodes": {
    "actions-nvim": {
      "flake": false,
      "locked": {
        "lastModified": 1762382446,
        "narHash": "sha256-PHQCk+RsAP5slX2QSndo8bkuhpCw3iBVcp8PZkZy5GY=",
        "owner": "yaanae",
        "repo": "actions.nvim",
        "rev": "5ff3e0f9096ac76b073d7e2fab2dc3bf02182d7f",
        "type": "github"
      },
      "original": {
        "owner": "yaanae",
        "repo": "actions.nvim",
        "type": "github"
      }
    },
    "flake-parts": {
      "inputs": {
        "nixpkgs-lib": "nixpkgs-lib"
      },
      "locked": {
        "lastModified": 1788306937,
        "narHash": "sha256-lbrI1UYVpFgKSsyrU9oeF7FHfnu8nLD9ja0ou9f2rxk=",
        "owner": "hercules-ci",
        "repo": "flake-parts",
        "rev": "f16b25b8c3d2809b87925d0b76652d7821a75c68",
        "type": "github"
      },
      "original": {
        "owner": "hercules-ci",
        "repo": "flake-parts",
        "type": "github"
      }
    },
    "flake-parts_2": {
      "inputs": {
        "nixpkgs-lib": [
          "nixvim",
          "nixpkgs"
        ]
      },
      "locked": {
        "lastModified": 1787559586,
        "narHash": "sha256-onL0VLf9vPllmT0H/OlURIU5r5t5WIEl7t4tVNKT0Nw=",
        "owner": "hercules-ci",
        "repo": "flake-parts",
        "rev": "9d0d87172c374f89da73c1cfe6d81ae62feac1f1",
        "type": "github"
      },
      "original": {
        "owner": "hercules-ci",
        "repo": "flake-parts",
        "type": "github"
      }
    },
    "import-tree": {
      "locked": {
        "lastModified": 1788467110,
        "narHash": "sha256-ljEMTXP/rH0tOvDzc9gzwww6KcHRPRnEHzd9lK48V7s=",
        "owner": "vic",
        "repo": "import-tree",
        "rev": "eb1b52eaecc57f7c136d07ae8a93e724dfecac46",
        "type": "github"
      },
      "original": {
        "owner": "vic",
        "repo": "import-tree",
        "type": "github"
      }
    },
    "mdx07-binaries": {
      "flake": false,
      "locked": {
        "lastModified": 1789493089,
        "narHash": "sha256-wn/jwl3M1t/eD/FPsm9ynAqTxjP6NncZzGJjfivPWSo=",
        "ref": "refs/heads/main",
        "rev": "f92a7c971990bea5cc3b1b42d6c97422179ef27a",
        "revCount": 35,
        "type": "git",
        "url": "https://git.chalmers.se/erik.sintorn/mdx07-binaries.git"
      },
      "original": {
        "type": "git",
        "url": "https://git.chalmers.se/erik.sintorn/mdx07-binaries.git"
      }
    },
    "mdx07-templates": {
      "flake": false,
      "locked": {
        "lastModified": 1789392042,
        "narHash": "sha256-PF+8ZV0th/WiGm0vxHLzG3+rO7lR7UU4CM0giAyKuCQ=",
        "ref": "refs/heads/main",
        "rev": "8c32bf25662e24098eaea592c4056b090e0cf778",
        "revCount": 141,
        "type": "git",
        "url": "https://git.chalmers.se/haelias/mdx07-templates-library.git"
      },
      "original": {
        "type": "git",
        "url": "https://git.chalmers.se/haelias/mdx07-templates-library.git"
      }
    },
    "nixpkgs": {
      "locked": {
        "lastModified": 1787964612,
        "narHash": "sha256-0N9nghg3nwzX6b6qc77EzjR9cu/Z+UR66FlfsCqiURs=",
        "owner": "NixOS",
        "repo": "nixpkgs",
        "rev": "e8be7818e19ada32105a8af937a6a473b38167ca",
        "type": "github"
      },
      "original": {
        "owner": "NixOS",
        "ref": "nixpkgs-unstable",
        "repo": "nixpkgs",
        "type": "github"
      }
    },
    "nixpkgs-lib": {
      "locked": {
        "lastModified": 1788057806,
        "narHash": "sha256-DTQSMxzDWmT0zhguthvegnVkn7CFqGCv4IHCzk5ZUpM=",
        "owner": "nix-community",
        "repo": "nixpkgs.lib",
        "rev": "596e2e3940e09b2abbeb03f75fa1828c57fcd72c",
        "type": "github"
      },
      "original": {
        "owner": "nix-community",
        "repo": "nixpkgs.lib",
        "type": "github"
      }
    },
    "nixvim": {
      "inputs": {
        "flake-parts": "flake-parts_2",
        "nixpkgs": [
          "nixpkgs"
        ],
        "systems": "systems"
      },
      "locked": {
        "lastModified": 1788190018,
        "narHash": "sha256-59BAfH0txPAZrPBF4QJqwvUWppD+ICrcjA1LZAmPnrQ=",
        "owner": "nix-community",
        "repo": "nixvim",
        "rev": "41844750e55f17b1385d5b09ca7ade5f11f49506",
        "type": "github"
      },
      "original": {
        "owner": "nix-community",
        "repo": "nixvim",
        "type": "github"
      }
    },
    "root": {
      "inputs": {
        "actions-nvim": "actions-nvim",
        "flake-parts": "flake-parts",
        "import-tree": "import-tree",
        "mdx07-binaries": "mdx07-binaries",
        "mdx07-templates": "mdx07-templates",
        "nixpkgs": "nixpkgs",
        "nixvim": "nixvim"
      }
    },
    "systems": {
      "flake": false,
      "locked": {
        "lastModified": 1774449309,
        "narHash": "sha256-brhZ8DmuGtzkCYHJg4HEd602amKm89Y9ytsFZ5uWD1w=",
        "owner": "nix-systems",
        "repo": "default",
        "rev": "c29398b59d2048c4ab79345812849c9bd15e9150",
        "type": "github"
      },
      "original": {
        "owner": "nix-systems",
        "ref": "future-26.11",
        "repo": "default",
        "type": "github"
      }
    }
  },
  "root": "root",
  "version": 7
}
